// !$*UTF8*$!
{
	archiveVersion = 1;
	classes = {
	};
	objectVersion = 46;
	objects = {

/* Begin PBXBuildFile section */
		066879C11C2E62D400DD3F0B /* main.m in Sources */ = {isa = PBXBuildFile; fileRef = 066879C01C2E62D400DD3F0B /* main.m */; };
		066879C41C2E62D400DD3F0B /* AppDelegate.m in Sources */ = {isa = PBXBuildFile; fileRef = 066879C31C2E62D400DD3F0B /* AppDelegate.m */; };
		066879C71C2E62D400DD3F0B /* ViewController.m in Sources */ = {isa = PBXBuildFile; fileRef = 066879C61C2E62D400DD3F0B /* ViewController.m */; };
		066879CA1C2E62D400DD3F0B /* Main.storyboard in Resources */ = {isa = PBXBuildFile; fileRef = 066879C81C2E62D400DD3F0B /* Main.storyboard */; };
		066879CC1C2E62D400DD3F0B /* Assets.xcassets in Resources */ = {isa = PBXBuildFile; fileRef = 066879CB1C2E62D400DD3F0B /* Assets.xcassets */; };
		066879CF1C2E62D400DD3F0B /* LaunchScreen.storyboard in Resources */ = {isa = PBXBuildFile; fileRef = 066879CD1C2E62D400DD3F0B /* LaunchScreen.storyboard */; };
/* End PBXBuildFile section */

/* Begin PBXFileReference section */
		066879BC1C2E62D400DD3F0B /* DecoCamera.app */ = {isa = PBXFileReference; explicitFileType = wrapper.application; includeInIndex = 0; path = DecoCamera.app; sourceTree = BUILT_PRODUCTS_DIR; };
		066879C01C2E62D400DD3F0B /* main.m */ = {isa = PBXFileReference; lastKnownFileType = sourcecode.c.objc; path = main.m; sourceTree = "<group>"; };
		066879C21C2E62D400DD3F0B /* AppDelegate.h */ = {isa = PBXFileReference; lastKnownFileType = sourcecode.c.h; path = AppDelegate.h; sourceTree = "<group>"; };
		066879C31C2E62D400DD3F0B /* AppDelegate.m */ = {isa = PBXFileReference; lastKnownFileType = sourcecode.c.objc; path = AppDelegate.m; sourceTree = "<group>"; };
		066879C51C2E62D400DD3F0B /* ViewController.h */ = {isa = PBXFileReference; lastKnownFileType = sourcecode.c.h; path = ViewController.h; sourceTree = "<group>"; };
		066879C61C2E62D400DD3F0B /* ViewController.m */ = {isa = PBXFileReference; lastKnownFileType = sourcecode.c.objc; path = ViewController.m; sourceTree = "<group>"; };
		066879C91C2E62D400DD3F0B /* Base */ = {isa = PBXFileReference; lastKnownFileType = file.storyboard; name = Base; path = Base.lproj/Main.storyboard; sourceTree = "<group>"; };
		066879CB1C2E62D400DD3F0B /* Assets.xcassets */ = {isa = PBXFileReference; lastKnownFileType = folder.assetcatalog; path = Assets.xcassets; sourceTree = "<group>"; };
		066879CE1C2E62D400DD3F0B /* Base */ = {isa = PBXFileReference; lastKnownFileType = file.storyboard; name = Base; path = Base.lproj/LaunchScreen.storyboard; sourceTree = "<group>"; };
		066879D01C2E62D400DD3F0B /* Info.plist */ = {isa = PBXFileReference; lastKnownFileType = text.plist.xml; path = Info.plist; sourceTree = "<group>"; };
/* End PBXFileReference section */

/* Begin PBXFrameworksBuildPhase section */
		066879B91C2E62D400DD3F0B /* Frameworks */ = {
			isa = PBXFrameworksBuildPhase;
			buildActionMask = 2147483647;
			files = (
			);
			runOnlyForDeploymentPostprocessing = 0;
		};
/* End PBXFrameworksBuildPhase section */

/* Begin PBXGroup section */
		066879B31C2E62D400DD3F0B = {
			isa = PBXGroup;
			children = (
				066879BE1C2E62D400DD3F0B /* DecoCamera */,
				066879BD1C2E62D400DD3F0B /* Products */,
			);
			sourceTree = "<group>";
		};
		066879BD1C2E62D400DD3F0B /* Products */ = {
			isa = PBXGroup;
			children = (
				066879BC1C2E62D400DD3F0B /* DecoCamera.app */,
			);
			name = Products;
			sourceTree = "<group>";
		};
		066879BE1C2E62D400DD3F0B /* DecoCamera */ = {
			isa = PBXGroup;
			children = (
				066879C21C2E62D400DD3F0B /* AppDelegate.h */,
				066879C31C2E62D400DD3F0B /* AppDelegate.m */,
				066879C51C2E62D400DD3F0B /* ViewController.h */,
				066879C61C2E62D400DD3F0B /* ViewController.m */,
				066879C81C2E62D400DD3F0B /* Main.storyboard */,
				066879CB1C2E62D400DD3F0B /* Assets.xcassets */,
				066879CD1C2E62D400DD3F0B /* LaunchScreen.storyboard */,
				066879D01C2E62D400DD3F0B /* Info.plist */,
				066879BF1C2E62D400DD3F0B /* Supporting Files */,
			);
			path = DecoCamera;
			sourceTree = "<group>";
		};
		066879BF1C2E62D400DD3F0B /* Supporting Files */ = {
			isa = PBXGroup;
			children = (
				066879C01C2E62D400DD3F0B /* main.m */,
			);
			name = "Supporting Files";
			sourceTree = "<group>";
		};
/* End PBXGroup section */

/* Begin PBXNativeTarget section */
		066879BB1C2E62D400DD3F0B /* DecoCamera */ = {
			isa = PBXNativeTarget;
			buildConfigurationList = 066879D31C2E62D400DD3F0B /* Build configuration list for PBXNativeTarget "DecoCamera" */;
			buildPhases = (
				066879B81C2E62D400DD3F0B /* Sources */,
				066879B91C2E62D400DD3F0B /* Frameworks */,
				066879BA1C2E62D400DD3F0B /* Resources */,
			);
			buildRules = (
			);
			dependencies = (
			);
			name = DecoCamera;
			productName = DecoCamera;
			productReference = 066879BC1C2E62D400DD3F0B /* DecoCamera.app */;
			productType = "com.apple.product-type.application";
		};
/* End PBXNativeTarget section */

/* Begin PBXProject section */
		066879B41C2E62D400DD3F0B /* Project object */ = {
			isa = PBXProject;
			attributes = {
				LastUpgradeCheck = 0720;
				ORGANIZATIONNAME = "takahiro ikeda";
				TargetAttributes = {
					066879BB1C2E62D400DD3F0B = {
						CreatedOnToolsVersion = 7.2;
					};
				};
			};
			buildConfigurationList = 066879B71C2E62D400DD3F0B /* Build configuration list for PBXProject "DecoCamera" */;
			compatibilityVersion = "Xcode 3.2";
			developmentRegion = English;
			hasScannedForEncodings = 0;
			knownRegions = (
				en,
				Base,
			);
			mainGroup = 066879B31C2E62D400DD3F0B;
			productRefGroup = 066879BD1C2E62D400DD3F0B /* Products */;
			projectDirPath = "";
			projectRoot = "";
			targets = (
				066879BB1C2E62D400DD3F0B /* DecoCamera */,
			);
		};
/* End PBXProject section */

/* Begin PBXResourcesBuildPhase section */
		066879BA1C2E62D400DD3F0B /* Resources */ = {
			isa = PBXResourcesBuildPhase;
			buildActionMask = 2147483647;
			files = (
				066879CF1C2E62D400DD3F0B /* LaunchScreen.storyboard in Resources */,
				066879CC1C2E62D400DD3F0B /* Assets.xcassets in Resources */,
				066879CA1C2E62D400DD3F0B /* Main.storyboard in Resources */,
			);
			runOnlyForDeploymentPostprocessing = 0;
		};
/* End PBXResourcesBuildPhase section */

/* Begin PBXSourcesBuildPhase section */
		066879B81C2E62D400DD3F0B /* Sources */ = {
			isa = PBXSourcesBuildPhase;
			buildActionMask = 2147483647;
			files = (
				066879C71C2E62D400DD3F0B /* ViewController.m in Sources */,
				066879C41C2E62D400DD3F0B /* AppDelegate.m in Sources */,
				066879C11C2E62D400DD3F0B /* main.m in Sources */,
			);
			runOnlyForDeploymentPostprocessing = 0;
		};
/* End PBXSourcesBuildPhase section */

/* Begin PBXVariantGroup section */
		066879C81C2E62D400DD3F0B /* Main.storyboard */ = {
			isa = PBXVariantGroup;
			children = (
				066879C91C2E62D400DD3F0B /* Base */,
			);
			name = Main.storyboard;
			sourceTree = "<group>";
		};
		066879CD1C2E62D400DD3F0B /* LaunchScreen.storyboard */ = {
			isa = PBXVariantGroup;
			children = (
				066879CE1C2E62D400DD3F0B /* Base */,
			);
			name = LaunchScreen.storyboard;
			sourceTree = "<group>";
		};
/* End PBXVariantGroup section */

/* Begin XCBuildConfiguration section */
		066879D11C2E62D400DD3F0B /* Debug */ = {
			isa = XCBuildConfiguration;
			buildSettings = {
				ALWAYS_SEARCH_USER_PATHS = NO;
				CLANG_CXX_LANGUAGE_STANDARD = "gnu++0x";
				CLANG_CXX_LIBRARY = "libc++";
				CLANG_ENABLE_MODULES = YES;
				CLANG_ENABLE_OBJC_ARC = YES;
				CLANG_WARN_BOOL_CONVERSION = YES;
				CLANG_WARN_CONSTANT_CONVERSION = YES;
				CLANG_WARN_DIRECT_OBJC_ISA_USAGE = YES_ERROR;
				CLANG_WARN_EMPTY_BODY = YES;
				CLANG_WARN_ENUM_CONVERSION = YES;
				CLANG_WARN_INT_CONVERSION = YES;
				CLANG_WARN_OBJC_ROOT_CLASS = YES_ERROR;
				CLANG_WARN_UNREACHABLE_CODE = YES;
				CLANG_WARN__DUPLICATE_METHOD_MATCH = YES;
				"CODE_SIGN_IDENTITY[sdk=iphoneos*]" = "iPhone Developer";
				COPY_PHASE_STRIP = NO;
				DEBUG_INFORMATION_FORMAT = dwarf;
				ENABLE_STRICT_OBJC_MSGSEND = YES;
				ENABLE_TESTABILITY = YES;
				GCC_C_LANGUAGE_STANDARD = gnu99;
				GCC_DYNAMIC_NO_PIC = NO;
				GCC_NO_COMMON_BLOCKS = YES;
				GCC_OPTIMIZATION_LEVEL = 0;
				GCC_PREPROCESSOR_DEFINITIONS = (
					"DEBUG=1",
					"$(inherited)",
				);
				GCC_WARN_64_TO_32_BIT_CONVERSION = YES;
				GCC_WARN_ABOUT_RETURN_TYPE = YES_ERROR;
				GCC_WARN_UNDECLARED_SELECTOR = YES;
				GCC_WARN_UNINITIALIZED_AUTOS = YES_AGGRESSIVE;
				GCC_WARN_UNUSED_FUNCTION = YES;
				GCC_WARN_UNUSED_VARIABLE = YES;
				IPHONEOS_DEPLOYMENT_TARGET = 9.2;
				MTL_ENABLE_DEBUG_INFO = YES;
				ONLY_ACTIVE_ARCH = YES;
				SDKROOT = iphoneos;
			};
			name = Debug;
		};
		066879D21C2E62D400DD3F0B /* Release */ = {
			isa = XCBuildConfiguration;
			buildSettings = {
				ALWAYS_SEARCH_USER_PATHS = NO;
				CLANG_CXX_LANGUAGE_STANDARD = "gnu++0x";
				CLANG_CXX_LIBRARY = "libc++";
				CLANG_ENABLE_MODULES = YES;
				CLANG_ENABLE_OBJC_ARC = YES;
				CLANG_WARN_BOOL_CONVERSION = YES;
				CLANG_WARN_CONSTANT_CONVERSION = YES;
				CLANG_WARN_DIRECT_OBJC_ISA_USAGE = YES_ERROR;
				CLANG_WARN_EMPTY_BODY = YES;
				CLANG_WARN_ENUM_CONVERSION = YES;
				CLANG_WARN_INT_CONVERSION = YES;
				CLANG_WARN_OBJC_ROOT_CLASS = YES_ERROR;
				CLANG_WARN_UNREACHABLE_CODE = YES;
				CLANG_WARN__DUPLICATE_METHOD_MATCH = YES;
				"CODE_SIGN_IDENTITY[sdk=iphoneos*]" = "iPhone Developer";
				COPY_PHASE_STRIP = NO;
				DEBUG_INFORMATION_FORMAT = "dwarf-with-dsym";
				ENABLE_NS_ASSERTIONS = NO;
				ENABLE_STRICT_OBJC_MSGSEND = YES;
				GCC_C_LANGUAGE_STANDARD = gnu99;
				GCC_NO_COMMON_BLOCKS = YES;
				GCC_WARN_64_TO_32_BIT_CONVERSION = YES;
				GCC_WARN_ABOUT_RETURN_TYPE = YES_ERROR;
				GCC_WARN_UNDECLARED_SELECTOR = YES;
				GCC_WARN_UNINITIALIZED_AUTOS = YES_AGGRESSIVE;
				GCC_WARN_UNUSED_FUNCTION = YES;
				GCC_WARN_UNUSED_VARIABLE = YES;
				IPHONEOS_DEPLOYMENT_TARGET = 9.2;
				MTL_ENABLE_DEBUG_INFO = NO;
				SDKROOT = iphoneos;
				VALIDATE_PRODUCT = YES;
			};
			name = Release;
		};
		066879D41C2E62D400DD3F0B /* Debug */ = {
			isa = XCBuildConfiguration;
			buildSettings = {
				ASSETCATALOG_COMPILER_APPICON_NAME = AppIcon;
				INFOPLIST_FILE = DecoCamera/Info.plist;
				LD_RUNPATH_SEARCH_PATHS = "$(inherited) @executable_path/Frameworks";
				PRODUCT_BUNDLE_IDENTIFIER = jp.techacademy.DecoCamera;
				PRODUCT_NAME = "$(TARGET_NAME)";
			};
			name = Debug;
		};
		066879D51C2E62D400DD3F0B /* Release */ = {
			isa = XCBuildConfiguration;
			buildSettings = {
				ASSETCATALOG_COMPILER_APPICON_NAME = AppIcon;
				INFOPLIST_FILE = DecoCamera/Info.plist;
				LD_RUNPATH_SEARCH_PATHS = "$(inherited) @executable_path/Frameworks";
				PRODUCT_BUNDLE_IDENTIFIER = jp.techacademy.DecoCamera;
				PRODUCT_NAME = "$(TARGET_NAME)";
			};
			name = Release;
		};
/* End XCBuildConfiguration section */

/* Begin XCConfigurationList section */
		066879B71C2E62D400DD3F0B /* Build configuration list for PBXProject "DecoCamera" */ = {
			isa = XCConfigurationList;
			buildConfigurations = (
				066879D11C2E62D400DD3F0B /* Debug */,
				066879D21C2E62D400DD3F0B /* Release */,
			);
			defaultConfigurationIsVisible = 0;
			defaultConfigurationName = Release;
		};
		066879D31C2E62D400DD3F0B /* Build configuration list for PBXNativeTarget "DecoCamera" */ = {
			isa = XCConfigurationList;
			buildConfigurations = (
				066879D41C2E62D400DD3F0B /* Debug */,
				066879D51C2E62D400DD3F0B /* Release */,
			);
			defaultConfigurationIsVisible = 0;
		};
/* End XCConfigurationList section */
	};
	rootObject = 066879B41C2E62D400DD3F0B /* Project object */;
}
